
Microsoft Visual Studio Solution File, Format Version 12.00
# Visual Studio 15
VisualStudioVersion = 15.0.27130.2036
MinimumVisualStudioVersion = 10.0.40219.1
Project("{FAE04EC0-301F-11D3-BF4B-00C04F79EFBC}") = "PhoneWord", "PhoneWord\PhoneWord.csproj", "{72DCB98C-D351-4A19-9D47-5909D66CF450}"
EndProject
Global
	GlobalSection(SolutionConfigurationPlatforms) = preSolution
		Debug|Any CPU = Debug|Any CPU
		Release|Any CPU = Release|Any CPU
	EndGlobalSection
	GlobalSection(ProjectConfigurationPlatforms) = postSolution
		{72DCB98C-D351-4A19-9D47-5909D66CF450}.Debug|Any CPU.ActiveCfg = Debug|Any CPU
		{72DCB98C-D351-4A19-9D47-5909D66CF450}.Debug|Any CPU.Build.0 = Debug|Any CPU
		{72DCB98C-D351-4A19-9D47-5909D66CF450}.Debug|Any CPU.Deploy.0 = Debug|Any CPU
		{72DCB98C-D351-4A19-9D47-5909D66CF450}.Release|Any CPU.ActiveCfg = Release|Any CPU
		{72DCB98C-D351-4A19-9D47-5909D66CF450}.Release|Any CPU.Build.0 = Release|Any CPU
		{72DCB98C-D351-4A19-9D47-5909D66CF450}.Release|Any CPU.Deploy.0 = Release|Any CPU
	EndGlobalSection
	GlobalSection(SolutionProperties) = preSolution
		HideSolutionNode = FALSE
	EndGlobalSection
	GlobalSection(ExtensibilityGlobals) = postSolution
		SolutionGuid = {E81906D3-A0A1-4CAD-BFC0-B054F9D58CD1}
	EndGlobalSection
EndGlobal
